// !$*UTF8*$!
{
	archiveVersion = 1;
	classes = {
	};
	objectVersion = 51;
	objects = {

/* Begin PBXBuildFile section */
		F3788264BAF56AA1ED66A419 /* Pods_UAKitBase.framework in Frameworks */ = {isa = PBXBuildFile; fileRef = 4073AB789C780E58B03695ED /* Pods_UAKitBase.framework */; };
		FC25F9CA24446536008691DD /* globalLoadingAnimation.json in Resources */ = {isa = PBXBuildFile; fileRef = FC25F9C724446536008691DD /* globalLoadingAnimation.json */; };
		FC25F9CB24446536008691DD /* globalLoadingAnimation_0.png in Resources */ = {isa = PBXBuildFile; fileRef = FC25F9C924446536008691DD /* globalLoadingAnimation_0.png */; };
		FC25F9CF24448C9A008691DD /* UAAnimationSVG.swift in Sources */ = {isa = PBXBuildFile; fileRef = FC25F9CE24448C9A008691DD /* UAAnimationSVG.swift */; };
		FC25F9DD244AD8C0008691DD /* UASplashVC.swift in Sources */ = {isa = PBXBuildFile; fileRef = FC25F9DC244AD8C0008691DD /* UASplashVC.swift */; };
		FC25F9DF244ADAA0008691DD /* UADimensions.swift in Sources */ = {isa = PBXBuildFile; fileRef = FC25F9DE244ADAA0008691DD /* UADimensions.swift */; };
		FC27EB49244F00E500EFA5CE /* UATimerVC.swift in Sources */ = {isa = PBXBuildFile; fileRef = FC27EB48244F00E500EFA5CE /* UATimerVC.swift */; };
		FC2999D3242A39C8000C3402 /* Safe(+).swift in Sources */ = {isa = PBXBuildFile; fileRef = FC2999D2242A39C8000C3402 /* Safe(+).swift */; };
		FC2999D4242A39C8000C3402 /* AppInfo.swift in Sources */ = {isa = PBXBuildFile; fileRef = FC2999D1242A39C7000C3402 /* AppInfo.swift */; };
		FC432C232437756E00070214 /* UATableVC.swift in Sources */ = {isa = PBXBuildFile; fileRef = FC432C222437756E00070214 /* UATableVC.swift */; };
		FC432C25243787A200070214 /* UANavigatorMap.swift in Sources */ = {isa = PBXBuildFile; fileRef = FC432C24243787A200070214 /* UANavigatorMap.swift */; };
		FC432C27243788D400070214 /* UAWebVC.swift in Sources */ = {isa = PBXBuildFile; fileRef = FC432C26243788D400070214 /* UAWebVC.swift */; };
		FC432C2B24383A2600070214 /* UARepoVC.swift in Sources */ = {isa = PBXBuildFile; fileRef = FC432C2A24383A2600070214 /* UARepoVC.swift */; };
		FC432C3024384CD600070214 /* HTTP.swift in Sources */ = {isa = PBXBuildFile; fileRef = FC432C2F24384CD600070214 /* HTTP.swift */; };
		FC432C32243850D200070214 /* GitHub.swift in Sources */ = {isa = PBXBuildFile; fileRef = FC432C31243850D200070214 /* GitHub.swift */; };
		FC4989272420B560001A3BD8 /* AppDelegate.swift in Sources */ = {isa = PBXBuildFile; fileRef = FC4989262420B560001A3BD8 /* AppDelegate.swift */; };
		FC4989292420B560001A3BD8 /* SceneDelegate.swift in Sources */ = {isa = PBXBuildFile; fileRef = FC4989282420B560001A3BD8 /* SceneDelegate.swift */; };
		FC49892B2420B560001A3BD8 /* ViewController.swift in Sources */ = {isa = PBXBuildFile; fileRef = FC49892A2420B560001A3BD8 /* ViewController.swift */; };
		FC49892E2420B560001A3BD8 /* Main.storyboard in Resources */ = {isa = PBXBuildFile; fileRef = FC49892C2420B560001A3BD8 /* Main.storyboard */; };
		FC4989302420B561001A3BD8 /* Assets.xcassets in Resources */ = {isa = PBXBuildFile; fileRef = FC49892F2420B561001A3BD8 /* Assets.xcassets */; };
		FC4989332420B561001A3BD8 /* LaunchScreen.storyboard in Resources */ = {isa = PBXBuildFile; fileRef = FC4989312420B561001A3BD8 /* LaunchScreen.storyboard */; };
		FC49897B2420F866001A3BD8 /* ContentView.swift in Sources */ = {isa = PBXBuildFile; fileRef = FC49897A2420F866001A3BD8 /* ContentView.swift */; };
		FC49897D24220317001A3BD8 /* SecondVC.swift in Sources */ = {isa = PBXBuildFile; fileRef = FC49897C24220317001A3BD8 /* SecondVC.swift */; };
/* End PBXBuildFile section */

/* Begin PBXFileReference section */
		4073AB789C780E58B03695ED /* Pods_UAKitBase.framework */ = {isa = PBXFileReference; explicitFileType = wrapper.framework; includeInIndex = 0; path = Pods_UAKitBase.framework; sourceTree = BUILT_PRODUCTS_DIR; };
		99B95C91266E121434498813 /* Pods-UAKitBase.release.xcconfig */ = {isa = PBXFileReference; includeInIndex = 1; lastKnownFileType = text.xcconfig; name = "Pods-UAKitBase.release.xcconfig"; path = "Target Support Files/Pods-UAKitBase/Pods-UAKitBase.release.xcconfig"; sourceTree = "<group>"; };
		E8F1EDD7189B8ED4842FFEAD /* Pods-UAKitBase.debug.xcconfig */ = {isa = PBXFileReference; includeInIndex = 1; lastKnownFileType = text.xcconfig; name = "Pods-UAKitBase.debug.xcconfig"; path = "Target Support Files/Pods-UAKitBase/Pods-UAKitBase.debug.xcconfig"; sourceTree = "<group>"; };
		FC25F9C724446536008691DD /* globalLoadingAnimation.json */ = {isa = PBXFileReference; fileEncoding = 4; lastKnownFileType = text.json; path = globalLoadingAnimation.json; sourceTree = "<group>"; };
		FC25F9C924446536008691DD /* globalLoadingAnimation_0.png */ = {isa = PBXFileReference; lastKnownFileType = image.png; path = globalLoadingAnimation_0.png; sourceTree = "<group>"; };
		FC25F9CE24448C9A008691DD /* UAAnimationSVG.swift */ = {isa = PBXFileReference; lastKnownFileType = sourcecode.swift; path = UAAnimationSVG.swift; sourceTree = "<group>"; };
		FC25F9DC244AD8C0008691DD /* UASplashVC.swift */ = {isa = PBXFileReference; lastKnownFileType = sourcecode.swift; path = UASplashVC.swift; sourceTree = "<group>"; };
		FC25F9DE244ADAA0008691DD /* UADimensions.swift */ = {isa = PBXFileReference; lastKnownFileType = sourcecode.swift; path = UADimensions.swift; sourceTree = "<group>"; };
		FC27EB48244F00E500EFA5CE /* UATimerVC.swift */ = {isa = PBXFileReference; lastKnownFileType = sourcecode.swift; path = UATimerVC.swift; sourceTree = "<group>"; };
		FC2999D1242A39C7000C3402 /* AppInfo.swift */ = {isa = PBXFileReference; lastKnownFileType = sourcecode.swift; path = AppInfo.swift; sourceTree = "<group>"; };
		FC2999D2242A39C8000C3402 /* Safe(+).swift */ = {isa = PBXFileReference; lastKnownFileType = sourcecode.swift; path = "Safe(+).swift"; sourceTree = "<group>"; };
		FC432C222437756E00070214 /* UATableVC.swift */ = {isa = PBXFileReference; lastKnownFileType = sourcecode.swift; path = UATableVC.swift; sourceTree = "<group>"; };
		FC432C24243787A200070214 /* UANavigatorMap.swift */ = {isa = PBXFileReference; lastKnownFileType = sourcecode.swift; path = UANavigatorMap.swift; sourceTree = "<group>"; };
		FC432C26243788D400070214 /* UAWebVC.swift */ = {isa = PBXFileReference; lastKnownFileType = sourcecode.swift; path = UAWebVC.swift; sourceTree = "<group>"; };
		FC432C2A24383A2600070214 /* UARepoVC.swift */ = {isa = PBXFileReference; lastKnownFileType = sourcecode.swift; path = UARepoVC.swift; sourceTree = "<group>"; };
		FC432C2F24384CD600070214 /* HTTP.swift */ = {isa = PBXFileReference; lastKnownFileType = sourcecode.swift; path = HTTP.swift; sourceTree = "<group>"; };
		FC432C31243850D200070214 /* GitHub.swift */ = {isa = PBXFileReference; lastKnownFileType = sourcecode.swift; path = GitHub.swift; sourceTree = "<group>"; };
		FC4989232420B560001A3BD8 /* UAKitBase.app */ = {isa = PBXFileReference; explicitFileType = wrapper.application; includeInIndex = 0; path = UAKitBase.app; sourceTree = BUILT_PRODUCTS_DIR; };
		FC4989262420B560001A3BD8 /* AppDelegate.swift */ = {isa = PBXFileReference; lastKnownFileType = sourcecode.swift; path = AppDelegate.swift; sourceTree = "<group>"; };
		FC4989282420B560001A3BD8 /* SceneDelegate.swift */ = {isa = PBXFileReference; lastKnownFileType = sourcecode.swift; path = SceneDelegate.swift; sourceTree = "<group>"; };
		FC49892A2420B560001A3BD8 /* ViewController.swift */ = {isa = PBXFileReference; lastKnownFileType = sourcecode.swift; path = ViewController.swift; sourceTree = "<group>"; };
		FC49892D2420B560001A3BD8 /* Base */ = {isa = PBXFileReference; lastKnownFileType = file.storyboard; name = Base; path = Base.lproj/Main.storyboard; sourceTree = "<group>"; };
		FC49892F2420B561001A3BD8 /* Assets.xcassets */ = {isa = PBXFileReference; lastKnownFileType = folder.assetcatalog; path = Assets.xcassets; sourceTree = "<group>"; };
		FC4989322420B561001A3BD8 /* Base */ = {isa = PBXFileReference; lastKnownFileType = file.storyboard; name = Base; path = Base.lproj/LaunchScreen.storyboard; sourceTree = "<group>"; };
		FC4989342420B561001A3BD8 /* Info.plist */ = {isa = PBXFileReference; lastKnownFileType = text.plist.xml; path = Info.plist; sourceTree = "<group>"; };
		FC49897A2420F866001A3BD8 /* ContentView.swift */ = {isa = PBXFileReference; fileEncoding = 4; lastKnownFileType = sourcecode.swift; path = ContentView.swift; sourceTree = "<group>"; };
		FC49897C24220317001A3BD8 /* SecondVC.swift */ = {isa = PBXFileReference; lastKnownFileType = sourcecode.swift; path = SecondVC.swift; sourceTree = "<group>"; };
/* End PBXFileReference section */

/* Begin PBXFrameworksBuildPhase section */
		FC4989202420B560001A3BD8 /* Frameworks */ = {
			isa = PBXFrameworksBuildPhase;
			buildActionMask = 2147483647;
			files = (
				F3788264BAF56AA1ED66A419 /* Pods_UAKitBase.framework in Frameworks */,
			);
			runOnlyForDeploymentPostprocessing = 0;
		};
/* End PBXFrameworksBuildPhase section */

/* Begin PBXGroup section */
		1F44997C1D91C9D53E796686 /* Pods */ = {
			isa = PBXGroup;
			children = (
				E8F1EDD7189B8ED4842FFEAD /* Pods-UAKitBase.debug.xcconfig */,
				99B95C91266E121434498813 /* Pods-UAKitBase.release.xcconfig */,
			);
			path = Pods;
			sourceTree = "<group>";
		};
		D7053AB7BE389FDF440A6D6A /* Frameworks */ = {
			isa = PBXGroup;
			children = (
				4073AB789C780E58B03695ED /* Pods_UAKitBase.framework */,
			);
			name = Frameworks;
			sourceTree = "<group>";
		};
		FC25F9C624446536008691DD /* loading动画 */ = {
			isa = PBXGroup;
			children = (
				FC25F9C724446536008691DD /* globalLoadingAnimation.json */,
				FC25F9C824446536008691DD /* globalLoadingAnimation */,
			);
			path = "loading动画";
			sourceTree = "<group>";
		};
		FC25F9C824446536008691DD /* globalLoadingAnimation */ = {
			isa = PBXGroup;
			children = (
				FC25F9C924446536008691DD /* globalLoadingAnimation_0.png */,
			);
			path = globalLoadingAnimation;
			sourceTree = "<group>";
		};
		FC432C2C2438449B00070214 /* Home */ = {
			isa = PBXGroup;
			children = (
				FC432C222437756E00070214 /* UATableVC.swift */,
			);
			path = Home;
			sourceTree = "<group>";
		};
		FC432C2D243844A100070214 /* Navigator */ = {
			isa = PBXGroup;
			children = (
				FC432C26243788D400070214 /* UAWebVC.swift */,
				FC432C24243787A200070214 /* UANavigatorMap.swift */,
			);
			name = Navigator;
			sourceTree = "<group>";
		};
		FC432C2E243844BB00070214 /* Utils */ = {
			isa = PBXGroup;
			children = (
			);
			name = Utils;
			sourceTree = "<group>";
		};
		FC432C3324385CA000070214 /* Net */ = {
			isa = PBXGroup;
			children = (
				FC432C2F24384CD600070214 /* HTTP.swift */,
				FC432C31243850D200070214 /* GitHub.swift */,
			);
			name = Net;
			sourceTree = "<group>";
		};
		FC49891A2420B560001A3BD8 = {
			isa = PBXGroup;
			children = (
				FC4989252420B560001A3BD8 /* UAKitBase */,
				FC4989242420B560001A3BD8 /* Products */,
				1F44997C1D91C9D53E796686 /* Pods */,
				D7053AB7BE389FDF440A6D6A /* Frameworks */,
			);
			sourceTree = "<group>";
		};
		FC4989242420B560001A3BD8 /* Products */ = {
			isa = PBXGroup;
			children = (
				FC4989232420B560001A3BD8 /* UAKitBase.app */,
			);
			name = Products;
			sourceTree = "<group>";
		};
		FC4989252420B560001A3BD8 /* UAKitBase */ = {
			isa = PBXGroup;
			children = (
				FC25F9C624446536008691DD /* loading动画 */,
				FC4989262420B560001A3BD8 /* AppDelegate.swift */,
				FC4989282420B560001A3BD8 /* SceneDelegate.swift */,
				FC49892A2420B560001A3BD8 /* ViewController.swift */,
				FC25F9CE24448C9A008691DD /* UAAnimationSVG.swift */,
				FC25F9DC244AD8C0008691DD /* UASplashVC.swift */,
				FC25F9DE244ADAA0008691DD /* UADimensions.swift */,
				FC27EB48244F00E500EFA5CE /* UATimerVC.swift */,
				FC432C2C2438449B00070214 /* Home */,
				FC432C2E243844BB00070214 /* Utils */,
				FC432C2D243844A100070214 /* Navigator */,
				FC432C2A24383A2600070214 /* UARepoVC.swift */,
				FC432C3324385CA000070214 /* Net */,
				FC49897C24220317001A3BD8 /* SecondVC.swift */,
				FC49897A2420F866001A3BD8 /* ContentView.swift */,
				FC49892C2420B560001A3BD8 /* Main.storyboard */,
				FC49892F2420B561001A3BD8 /* Assets.xcassets */,
				FC2999D2242A39C8000C3402 /* Safe(+).swift */,
				FC2999D1242A39C7000C3402 /* AppInfo.swift */,
				FC4989312420B561001A3BD8 /* LaunchScreen.storyboard */,
				FC4989342420B561001A3BD8 /* Info.plist */,
			);
			path = UAKitBase;
			sourceTree = "<group>";
		};
/* End PBXGroup section */

/* Begin PBXNativeTarget section */
		FC4989222420B560001A3BD8 /* UAKitBase */ = {
			isa = PBXNativeTarget;
			buildConfigurationList = FC4989372420B561001A3BD8 /* Build configuration list for PBXNativeTarget "UAKitBase" */;
			buildPhases = (
				69051B5FB4A4D8B91DD9C181 /* [CP] Check Pods Manifest.lock */,
				FC49891F2420B560001A3BD8 /* Sources */,
				FC4989202420B560001A3BD8 /* Frameworks */,
				FC4989212420B560001A3BD8 /* Resources */,
				39F37F541473144F274ABD29 /* [CP] Embed Pods Frameworks */,
			);
			buildRules = (
			);
			dependencies = (
			);
			name = UAKitBase;
			productName = UAKitBase;
			productReference = FC4989232420B560001A3BD8 /* UAKitBase.app */;
			productType = "com.apple.product-type.application";
		};
/* End PBXNativeTarget section */

/* Begin PBXProject section */
		FC49891B2420B560001A3BD8 /* Project object */ = {
			isa = PBXProject;
			attributes = {
				CLASSPREFIX = UA;
				LastSwiftUpdateCheck = 1130;
				LastUpgradeCheck = 1130;
				ORGANIZATIONNAME = ZD;
				TargetAttributes = {
					FC4989222420B560001A3BD8 = {
						CreatedOnToolsVersion = 11.3.1;
					};
				};
			};
			buildConfigurationList = FC49891E2420B560001A3BD8 /* Build configuration list for PBXProject "UAKitBase" */;
			compatibilityVersion = "Xcode 9.3";
			developmentRegion = en;
			hasScannedForEncodings = 0;
			knownRegions = (
				en,
				Base,
			);
			mainGroup = FC49891A2420B560001A3BD8;
			productRefGroup = FC4989242420B560001A3BD8 /* Products */;
			projectDirPath = "";
			projectRoot = "";
			targets = (
				FC4989222420B560001A3BD8 /* UAKitBase */,
			);
		};
/* End PBXProject section */

/* Begin PBXResourcesBuildPhase section */
		FC4989212420B560001A3BD8 /* Resources */ = {
			isa = PBXResourcesBuildPhase;
			buildActionMask = 2147483647;
			files = (
				FC4989332420B561001A3BD8 /* LaunchScreen.storyboard in Resources */,
				FC25F9CB24446536008691DD /* globalLoadingAnimation_0.png in Resources */,
				FC4989302420B561001A3BD8 /* Assets.xcassets in Resources */,
				FC25F9CA24446536008691DD /* globalLoadingAnimation.json in Resources */,
				FC49892E2420B560001A3BD8 /* Main.storyboard in Resources */,
			);
			runOnlyForDeploymentPostprocessing = 0;
		};
/* End PBXResourcesBuildPhase section */

/* Begin PBXShellScriptBuildPhase section */
		39F37F541473144F274ABD29 /* [CP] Embed Pods Frameworks */ = {
			isa = PBXShellScriptBuildPhase;
			buildActionMask = 2147483647;
			files = (
			);
			inputFileListPaths = (
				"${PODS_ROOT}/Target Support Files/Pods-UAKitBase/Pods-UAKitBase-frameworks-${CONFIGURATION}-input-files.xcfilelist",
			);
			name = "[CP] Embed Pods Frameworks";
			outputFileListPaths = (
				"${PODS_ROOT}/Target Support Files/Pods-UAKitBase/Pods-UAKitBase-frameworks-${CONFIGURATION}-output-files.xcfilelist",
			);
			runOnlyForDeploymentPostprocessing = 0;
			shellPath = /bin/sh;
			shellScript = "\"${PODS_ROOT}/Target Support Files/Pods-UAKitBase/Pods-UAKitBase-frameworks.sh\"\n";
			showEnvVarsInLog = 0;
		};
		69051B5FB4A4D8B91DD9C181 /* [CP] Check Pods Manifest.lock */ = {
			isa = PBXShellScriptBuildPhase;
			buildActionMask = 2147483647;
			files = (
			);
			inputFileListPaths = (
			);
			inputPaths = (
				"${PODS_PODFILE_DIR_PATH}/Podfile.lock",
				"${PODS_ROOT}/Manifest.lock",
			);
			name = "[CP] Check Pods Manifest.lock";
			outputFileListPaths = (
			);
			outputPaths = (
				"$(DERIVED_FILE_DIR)/Pods-UAKitBase-checkManifestLockResult.txt",
			);
			runOnlyForDeploymentPostprocessing = 0;
			shellPath = /bin/sh;
			shellScript = "diff \"${PODS_PODFILE_DIR_PATH}/Podfile.lock\" \"${PODS_ROOT}/Manifest.lock\" > /dev/null\nif [ $? != 0 ] ; then\n    # print error to STDERR\n    echo \"error: The sandbox is not in sync with the Podfile.lock. Run 'pod install' or update your CocoaPods installation.\" >&2\n    exit 1\nfi\n# This output is used by Xcode 'outputs' to avoid re-running this script phase.\necho \"SUCCESS\" > \"${SCRIPT_OUTPUT_FILE_0}\"\n";
			showEnvVarsInLog = 0;
		};
/* End PBXShellScriptBuildPhase section */

/* Begin PBXSourcesBuildPhase section */
		FC49891F2420B560001A3BD8 /* Sources */ = {
			isa = PBXSourcesBuildPhase;
			buildActionMask = 2147483647;
			files = (
				FC27EB49244F00E500EFA5CE /* UATimerVC.swift in Sources */,
				FC49892B2420B560001A3BD8 /* ViewController.swift in Sources */,
				FC432C232437756E00070214 /* UATableVC.swift in Sources */,
				FC25F9DF244ADAA0008691DD /* UADimensions.swift in Sources */,
				FC49897D24220317001A3BD8 /* SecondVC.swift in Sources */,
				FC432C32243850D200070214 /* GitHub.swift in Sources */,
				FC25F9CF24448C9A008691DD /* UAAnimationSVG.swift in Sources */,
				FC4989272420B560001A3BD8 /* AppDelegate.swift in Sources */,
				FC2999D3242A39C8000C3402 /* Safe(+).swift in Sources */,
				FC25F9DD244AD8C0008691DD /* UASplashVC.swift in Sources */,
				FC432C2B24383A2600070214 /* UARepoVC.swift in Sources */,
				FC432C3024384CD600070214 /* HTTP.swift in Sources */,
				FC432C27243788D400070214 /* UAWebVC.swift in Sources */,
				FC432C25243787A200070214 /* UANavigatorMap.swift in Sources */,
				FC49897B2420F866001A3BD8 /* ContentView.swift in Sources */,
				FC4989292420B560001A3BD8 /* SceneDelegate.swift in Sources */,
				FC2999D4242A39C8000C3402 /* AppInfo.swift in Sources */,
			);
			runOnlyForDeploymentPostprocessing = 0;
		};
/* End PBXSourcesBuildPhase section */

/* Begin PBXVariantGroup section */
		FC49892C2420B560001A3BD8 /* Main.storyboard */ = {
			isa = PBXVariantGroup;
			children = (
				FC49892D2420B560001A3BD8 /* Base */,
			);
			name = Main.storyboard;
			sourceTree = "<group>";
		};
		FC4989312420B561001A3BD8 /* LaunchScreen.storyboard */ = {
			isa = PBXVariantGroup;
			children = (
				FC4989322420B561001A3BD8 /* Base */,
			);
			name = LaunchScreen.storyboard;
			sourceTree = "<group>";
		};
/* End PBXVariantGroup section */

/* Begin XCBuildConfiguration section */
		FC4989352420B561001A3BD8 /* Debug */ = {
			isa = XCBuildConfiguration;
			buildSettings = {
				ALWAYS_SEARCH_USER_PATHS = NO;
				CLANG_ANALYZER_NONNULL = YES;
				CLANG_ANALYZER_NUMBER_OBJECT_CONVERSION = YES_AGGRESSIVE;
				CLANG_CXX_LANGUAGE_STANDARD = "gnu++14";
				CLANG_CXX_LIBRARY = "libc++";
				CLANG_ENABLE_MODULES = YES;
				CLANG_ENABLE_OBJC_ARC = YES;
				CLANG_ENABLE_OBJC_WEAK = YES;
				CLANG_WARN_BLOCK_CAPTURE_AUTORELEASING = YES;
				CLANG_WARN_BOOL_CONVERSION = YES;
				CLANG_WARN_COMMA = YES;
				CLANG_WARN_CONSTANT_CONVERSION = YES;
				CLANG_WARN_DEPRECATED_OBJC_IMPLEMENTATIONS = YES;
				CLANG_WARN_DIRECT_OBJC_ISA_USAGE = YES_ERROR;
				CLANG_WARN_DOCUMENTATION_COMMENTS = YES;
				CLANG_WARN_EMPTY_BODY = YES;
				CLANG_WARN_ENUM_CONVERSION = YES;
				CLANG_WARN_INFINITE_RECURSION = YES;
				CLANG_WARN_INT_CONVERSION = YES;
				CLANG_WARN_NON_LITERAL_NULL_CONVERSION = YES;
				CLANG_WARN_OBJC_IMPLICIT_RETAIN_SELF = YES;
				CLANG_WARN_OBJC_LITERAL_CONVERSION = YES;
				CLANG_WARN_OBJC_ROOT_CLASS = YES_ERROR;
				CLANG_WARN_RANGE_LOOP_ANALYSIS = YES;
				CLANG_WARN_STRICT_PROTOTYPES = YES;
				CLANG_WARN_SUSPICIOUS_MOVE = YES;
				CLANG_WARN_UNGUARDED_AVAILABILITY = YES_AGGRESSIVE;
				CLANG_WARN_UNREACHABLE_CODE = YES;
				CLANG_WARN__DUPLICATE_METHOD_MATCH = YES;
				COPY_PHASE_STRIP = NO;
				DEBUG_INFORMATION_FORMAT = dwarf;
				ENABLE_STRICT_OBJC_MSGSEND = YES;
				ENABLE_TESTABILITY = YES;
				GCC_C_LANGUAGE_STANDARD = gnu11;
				GCC_DYNAMIC_NO_PIC = NO;
				GCC_NO_COMMON_BLOCKS = YES;
				GCC_OPTIMIZATION_LEVEL = 0;
				GCC_PREPROCESSOR_DEFINITIONS = (
					"DEBUG=1",
					"$(inherited)",
				);
				GCC_WARN_64_TO_32_BIT_CONVERSION = YES;
				GCC_WARN_ABOUT_RETURN_TYPE = YES_ERROR;
				GCC_WARN_UNDECLARED_SELECTOR = YES;
				GCC_WARN_UNINITIALIZED_AUTOS = YES_AGGRESSIVE;
				GCC_WARN_UNUSED_FUNCTION = YES;
				GCC_WARN_UNUSED_VARIABLE = YES;
				IPHONEOS_DEPLOYMENT_TARGET = 13.2;
				MTL_ENABLE_DEBUG_INFO = INCLUDE_SOURCE;
				MTL_FAST_MATH = YES;
				ONLY_ACTIVE_ARCH = YES;
				SDKROOT = iphoneos;
				SWIFT_ACTIVE_COMPILATION_CONDITIONS = DEBUG;
				SWIFT_OPTIMIZATION_LEVEL = "-Onone";
			};
			name = Debug;
		};
		FC4989362420B561001A3BD8 /* Release */ = {
			isa = XCBuildConfiguration;
			buildSettings = {
				ALWAYS_SEARCH_USER_PATHS = NO;
				CLANG_ANALYZER_NONNULL = YES;
				CLANG_ANALYZER_NUMBER_OBJECT_CONVERSION = YES_AGGRESSIVE;
				CLANG_CXX_LANGUAGE_STANDARD = "gnu++14";
				CLANG_CXX_LIBRARY = "libc++";
				CLANG_ENABLE_MODULES = YES;
				CLANG_ENABLE_OBJC_ARC = YES;
				CLANG_ENABLE_OBJC_WEAK = YES;
				CLANG_WARN_BLOCK_CAPTURE_AUTORELEASING = YES;
				CLANG_WARN_BOOL_CONVERSION = YES;
				CLANG_WARN_COMMA = YES;
				CLANG_WARN_CONSTANT_CONVERSION = YES;
				CLANG_WARN_DEPRECATED_OBJC_IMPLEMENTATIONS = YES;
				CLANG_WARN_DIRECT_OBJC_ISA_USAGE = YES_ERROR;
				CLANG_WARN_DOCUMENTATION_COMMENTS = YES;
				CLANG_WARN_EMPTY_BODY = YES;
				CLANG_WARN_ENUM_CONVERSION = YES;
				CLANG_WARN_INFINITE_RECURSION = YES;
				CLANG_WARN_INT_CONVERSION = YES;
				CLANG_WARN_NON_LITERAL_NULL_CONVERSION = YES;
				CLANG_WARN_OBJC_IMPLICIT_RETAIN_SELF = YES;
				CLANG_WARN_OBJC_LITERAL_CONVERSION = YES;
				CLANG_WARN_OBJC_ROOT_CLASS = YES_ERROR;
				CLANG_WARN_RANGE_LOOP_ANALYSIS = YES;
				CLANG_WARN_STRICT_PROTOTYPES = YES;
				CLANG_WARN_SUSPICIOUS_MOVE = YES;
				CLANG_WARN_UNGUARDED_AVAILABILITY = YES_AGGRESSIVE;
				CLANG_WARN_UNREACHABLE_CODE = YES;
				CLANG_WARN__DUPLICATE_METHOD_MATCH = YES;
				COPY_PHASE_STRIP = NO;
				DEBUG_INFORMATION_FORMAT = "dwarf-with-dsym";
				ENABLE_NS_ASSERTIONS = NO;
				ENABLE_STRICT_OBJC_MSGSEND = YES;
				GCC_C_LANGUAGE_STANDARD = gnu11;
				GCC_NO_COMMON_BLOCKS = YES;
				GCC_WARN_64_TO_32_BIT_CONVERSION = YES;
				GCC_WARN_ABOUT_RETURN_TYPE = YES_ERROR;
				GCC_WARN_UNDECLARED_SELECTOR = YES;
				GCC_WARN_UNINITIALIZED_AUTOS = YES_AGGRESSIVE;
				GCC_WARN_UNUSED_FUNCTION = YES;
				GCC_WARN_UNUSED_VARIABLE = YES;
				IPHONEOS_DEPLOYMENT_TARGET = 13.2;
				MTL_ENABLE_DEBUG_INFO = NO;
				MTL_FAST_MATH = YES;
				SDKROOT = iphoneos;
				SWIFT_COMPILATION_MODE = wholemodule;
				SWIFT_OPTIMIZATION_LEVEL = "-O";
				VALIDATE_PRODUCT = YES;
			};
			name = Release;
		};
		FC4989382420B561001A3BD8 /* Debug */ = {
			isa = XCBuildConfiguration;
			baseConfigurationReference = E8F1EDD7189B8ED4842FFEAD /* Pods-UAKitBase.debug.xcconfig */;
			buildSettings = {
				ASSETCATALOG_COMPILER_APPICON_NAME = AppIcon;
				ASSETCATALOG_COMPILER_LAUNCHIMAGE_NAME = LaunchImage;
				CODE_SIGN_STYLE = Automatic;
				CURRENT_PROJECT_VERSION = 2;
				DEVELOPMENT_TEAM = 3GE4G86BZ9;
				INFOPLIST_FILE = UAKitBase/Info.plist;
				IPHONEOS_DEPLOYMENT_TARGET = 10.0;
				LD_GENERATE_MAP_FILE = YES;
				LD_MAP_FILE_PATH = "/Users/zhudongdong/Desktop/iOS/$(PRODUCT_NAME)-LinkMap-$(CURRENT_VARIANT)-$(CURRENT_ARCH).txt";
				LD_RUNPATH_SEARCH_PATHS = (
					"$(inherited)",
					"@executable_path/Frameworks",
				);
				MARKETING_VERSION = 1.1.2;
				PRODUCT_BUNDLE_IDENTIFIER = com.zhudong10.UAKitBase;
				PRODUCT_NAME = "$(TARGET_NAME)";
				SWIFT_VERSION = 5.0;
				TARGETED_DEVICE_FAMILY = "1,2";
			};
			name = Debug;
		};
		FC4989392420B561001A3BD8 /* Release */ = {
			isa = XCBuildConfiguration;
			baseConfigurationReference = 99B95C91266E121434498813 /* Pods-UAKitBase.release.xcconfig */;
			buildSettings = {
				ASSETCATALOG_COMPILER_APPICON_NAME = AppIcon;
				ASSETCATALOG_COMPILER_LAUNCHIMAGE_NAME = LaunchImage;
				CODE_SIGN_STYLE = Automatic;
				CURRENT_PROJECT_VERSION = 2;
				DEVELOPMENT_TEAM = 3GE4G86BZ9;
				INFOPLIST_FILE = UAKitBase/Info.plist;
				IPHONEOS_DEPLOYMENT_TARGET = 10.0;
				LD_GENERATE_MAP_FILE = YES;
				LD_RUNPATH_SEARCH_PATHS = (
					"$(inherited)",
					"@executable_path/Frameworks",
				);
				MARKETING_VERSION = 1.1.2;
				PRODUCT_BUNDLE_IDENTIFIER = com.zhudong10.UAKitBase;
				PRODUCT_NAME = "$(TARGET_NAME)";
				SWIFT_VERSION = 5.0;
				TARGETED_DEVICE_FAMILY = "1,2";
			};
			name = Release;
		};
/* End XCBuildConfiguration section */

/* Begin XCConfigurationList section */
		FC49891E2420B560001A3BD8 /* Build configuration list for PBXProject "UAKitBase" */ = {
			isa = XCConfigurationList;
			buildConfigurations = (
				FC4989352420B561001A3BD8 /* Debug */,
				FC4989362420B561001A3BD8 /* Release */,
			);
			defaultConfigurationIsVisible = 0;
			defaultConfigurationName = Release;
		};
		FC4989372420B561001A3BD8 /* Build configuration list for PBXNativeTarget "UAKitBase" */ = {
			isa = XCConfigurationList;
			buildConfigurations = (
				FC4989382420B561001A3BD8 /* Debug */,
				FC4989392420B561001A3BD8 /* Release */,
			);
			defaultConfigurationIsVisible = 0;
			defaultConfigurationName = Release;
		};
/* End XCConfigurationList section */
	};
	rootObject = FC49891B2420B560001A3BD8 /* Project object */;
}
